
Microsoft Visual Studio Solution File, Format Version 12.00
# Visual Studio Version 17
VisualStudioVersion = 17.9.34728.123
MinimumVisualStudioVersion = 10.0.40219.1
Project("{9A19103F-16F7-4668-BE54-9A1E7A4F7556}") = "WolfEmails", "WolfEmails\WolfEmails.csproj", "{5EBA1763-DE01-455B-8E8E-24070111C525}"
EndProject
Project("{FAE04EC0-301F-11D3-BF4B-00C04F79EFBC}") = "EmailServices", "EmailServices\EmailServices.csproj", "{DDE1A87C-90E7-4981-8771-D7799B6836CC}"
EndProject
Global
	GlobalSection(SolutionConfigurationPlatforms) = preSolution
		Debug|Any CPU = Debug|Any CPU
		Release|Any CPU = Release|Any CPU
	EndGlobalSection
	GlobalSection(ProjectConfigurationPlatforms) = postSolution
		{5EBA1763-DE01-455B-8E8E-24070111C525}.Debug|Any CPU.ActiveCfg = Debug|Any CPU
		{5EBA1763-DE01-455B-8E8E-24070111C525}.Debug|Any CPU.Build.0 = Debug|Any CPU
		{5EBA1763-DE01-455B-8E8E-24070111C525}.Release|Any CPU.ActiveCfg = Release|Any CPU
		{5EBA1763-DE01-455B-8E8E-24070111C525}.Release|Any CPU.Build.0 = Release|Any CPU
		{DDE1A87C-90E7-4981-8771-D7799B6836CC}.Debug|Any CPU.ActiveCfg = Debug|Any CPU
		{DDE1A87C-90E7-4981-8771-D7799B6836CC}.Debug|Any CPU.Build.0 = Debug|Any CPU
		{DDE1A87C-90E7-4981-8771-D7799B6836CC}.Release|Any CPU.ActiveCfg = Release|Any CPU
		{DDE1A87C-90E7-4981-8771-D7799B6836CC}.Release|Any CPU.Build.0 = Release|Any CPU
	EndGlobalSection
	GlobalSection(SolutionProperties) = preSolution
		HideSolutionNode = FALSE
	EndGlobalSection
	GlobalSection(ExtensibilityGlobals) = postSolution
		SolutionGuid = {A8667C23-680A-4D6B-AB05-E38E7C5B97F9}
	EndGlobalSection
EndGlobal
